# This file is generated by running "yarn install" inside your project.
# Manual changes might be lost - proceed with caution!

__metadata:
  version: 8
  cacheKey: 10c0

"@cspotcode/source-map-support@npm:^0.8.0":
  version: 0.8.1
  resolution: "@cspotcode/source-map-support@npm:0.8.1"
  dependencies:
    "@jridgewell/trace-mapping": "npm:0.3.9"
  checksum: 10c0/05c5368c13b662ee4c122c7bfbe5dc0b613416672a829f3e78bc49a357a197e0218d6e74e7c66cfcd04e15a179acab080bd3c69658c9fbefd0e1ccd950a07fc6
  languageName: node
  linkType: hard

"@jridgewell/resolve-uri@npm:^3.0.3":
  version: 3.1.2
  resolution: "@jridgewell/resolve-uri@npm:3.1.2"
  checksum: 10c0/d502e6fb516b35032331406d4e962c21fe77cdf1cbdb49c6142bcbd9e30507094b18972778a6e27cbad756209cfe34b1a27729e6fa08a2eb92b33943f680cf1e
  languageName: node
  linkType: hard

"@jridgewell/sourcemap-codec@npm:^1.4.10":
  version: 1.4.15
  resolution: "@jridgewell/sourcemap-codec@npm:1.4.15"
  checksum: 10c0/0c6b5ae663087558039052a626d2d7ed5208da36cfd707dcc5cea4a07cfc918248403dcb5989a8f7afaf245ce0573b7cc6fd94c4a30453bd10e44d9363940ba5
  languageName: node
  linkType: hard

"@jridgewell/trace-mapping@npm:0.3.9":
  version: 0.3.9
  resolution: "@jridgewell/trace-mapping@npm:0.3.9"
  dependencies:
    "@jridgewell/resolve-uri": "npm:^3.0.3"
    "@jridgewell/sourcemap-codec": "npm:^1.4.10"
  checksum: 10c0/fa425b606d7c7ee5bfa6a31a7b050dd5814b4082f318e0e4190f991902181b4330f43f4805db1dd4f2433fd0ed9cc7a7b9c2683f1deeab1df1b0a98b1e24055b
  languageName: node
  linkType: hard

"@mliebelt/pgn-parser@npm:1.4.15":
  version: 1.4.15
  resolution: "@mliebelt/pgn-parser@npm:1.4.15"
  dependencies:
    "@mliebelt/pgn-types": "npm:^1.0.4"
  bin:
    pgn-parser: bin/pgn-to-json.js
  checksum: 10c0/3ecc0a9626a0b277646f677082c7a0c0739c01fb399ac2ca17c78a8ab05e56cd398b3fb1413fe7059306dba6b35b8ae3b271dac07678cb8723fe380baffe951b
  languageName: node
  linkType: hard

"@mliebelt/pgn-types@npm:^1.0.4":
  version: 1.0.4
  resolution: "@mliebelt/pgn-types@npm:1.0.4"
  checksum: 10c0/040f4e686fde61c0b2e3eb8a5de928aa6136fb7cc456b8aad5785f4864d8231e19d12072935ec4550b38426ad7b9257b712b21c315b133f54ed7541753b21972
  languageName: node
  linkType: hard

"@octokit/app@npm:^15.0.0":
  version: 15.1.0
  resolution: "@octokit/app@npm:15.1.0"
  dependencies:
    "@octokit/auth-app": "npm:^7.0.0"
    "@octokit/auth-unauthenticated": "npm:^6.0.0"
    "@octokit/core": "npm:^6.1.2"
    "@octokit/oauth-app": "npm:^7.0.0"
    "@octokit/plugin-paginate-rest": "npm:^11.0.0"
    "@octokit/types": "npm:^13.0.0"
    "@octokit/webhooks": "npm:^13.0.0"
  checksum: 10c0/9bc035dd729fd1ea08e6d391a4c34a35a49e107137c06355c4df4cee907f8591fea83081ce3bb84fdb3db8ea9565cce90333248f256a3d399c66cdd6977d870d
  languageName: node
  linkType: hard

"@octokit/auth-app@npm:^7.0.0":
  version: 7.1.0
  resolution: "@octokit/auth-app@npm:7.1.0"
  dependencies:
    "@octokit/auth-oauth-app": "npm:^8.1.0"
    "@octokit/auth-oauth-user": "npm:^5.1.0"
    "@octokit/request": "npm:^9.1.1"
    "@octokit/request-error": "npm:^6.1.1"
    "@octokit/types": "npm:^13.4.1"
    lru-cache: "npm:^10.0.0"
    universal-github-app-jwt: "npm:^2.2.0"
    universal-user-agent: "npm:^7.0.0"
  checksum: 10c0/f5a2675518f31410790b80a44fc95bdcc2fb4bcefe9497adb7167b4949a24015f7effdc7da0ef07bdd0ce97a1fbd2885bd6385a2cc2163752ffa6aec5907cad9
  languageName: node
  linkType: hard

"@octokit/auth-oauth-app@npm:^8.0.0, @octokit/auth-oauth-app@npm:^8.1.0":
  version: 8.1.1
  resolution: "@octokit/auth-oauth-app@npm:8.1.1"
  dependencies:
    "@octokit/auth-oauth-device": "npm:^7.0.0"
    "@octokit/auth-oauth-user": "npm:^5.0.1"
    "@octokit/request": "npm:^9.0.0"
    "@octokit/types": "npm:^13.0.0"
    universal-user-agent: "npm:^7.0.0"
  checksum: 10c0/e55593fa9ab50c7bc1038545754fd88cc1bf82f40ebe9f893f4472905cbac299c0855816c12d4e0b9357ca068e7be1ab8cd94a591c0f12c1546ca6a01bc2f208
  languageName: node
  linkType: hard

"@octokit/auth-oauth-device@npm:^7.0.0, @octokit/auth-oauth-device@npm:^7.0.1":
  version: 7.1.1
  resolution: "@octokit/auth-oauth-device@npm:7.1.1"
  dependencies:
    "@octokit/oauth-methods": "npm:^5.0.0"
    "@octokit/request": "npm:^9.0.0"
    "@octokit/types": "npm:^13.0.0"
    universal-user-agent: "npm:^7.0.0"
  checksum: 10c0/77f33fceac51c4f5415b9adc2cb92ead8da6212c43ffaaff02f076504665df21f986f888a7d0605cf10c550e7dbd9aa39d9986302078e67f3889d8f32a936569
  languageName: node
  linkType: hard

"@octokit/auth-oauth-user@npm:^5.0.1, @octokit/auth-oauth-user@npm:^5.1.0":
  version: 5.1.1
  resolution: "@octokit/auth-oauth-user@npm:5.1.1"
  dependencies:
    "@octokit/auth-oauth-device": "npm:^7.0.1"
    "@octokit/oauth-methods": "npm:^5.0.0"
    "@octokit/request": "npm:^9.0.1"
    "@octokit/types": "npm:^13.0.0"
    universal-user-agent: "npm:^7.0.0"
  checksum: 10c0/ab99409541f27285cfc9d66054878e2719bbd1a52821c68e84c621ff77f56c3295c69f6bf3cab9db75f9b0ffa33a9def7d0bc76a550c48728d23122f1b9f7ba6
  languageName: node
  linkType: hard

"@octokit/auth-token@npm:^5.0.0":
  version: 5.1.1
  resolution: "@octokit/auth-token@npm:5.1.1"
  checksum: 10c0/1e6117c5170de9a5532ffb85e0bda153f4dffdd66871c42de952828eddd9029fe5161a2a8bf20b57f0d45c80f8fb9ddc69aa639e0fa6b776829efb1b0881b154
  languageName: node
  linkType: hard

"@octokit/auth-unauthenticated@npm:^6.0.0, @octokit/auth-unauthenticated@npm:^6.0.0-beta.1":
  version: 6.1.0
  resolution: "@octokit/auth-unauthenticated@npm:6.1.0"
  dependencies:
    "@octokit/request-error": "npm:^6.0.1"
    "@octokit/types": "npm:^13.0.0"
  checksum: 10c0/685bfeb30a0e75e7b1d31fc3c231b6dcedd5f15fee989de9bb11574630593cec78f7667b7e5a20f151ac2ed0db7bfecad7b1f0dc6750f0cb15dd37d7b746e240
  languageName: node
  linkType: hard

"@octokit/core@npm:^6.0.0, @octokit/core@npm:^6.1.2":
  version: 6.1.2
  resolution: "@octokit/core@npm:6.1.2"
  dependencies:
    "@octokit/auth-token": "npm:^5.0.0"
    "@octokit/graphql": "npm:^8.0.0"
    "@octokit/request": "npm:^9.0.0"
    "@octokit/request-error": "npm:^6.0.1"
    "@octokit/types": "npm:^13.0.0"
    before-after-hook: "npm:^3.0.2"
    universal-user-agent: "npm:^7.0.0"
  checksum: 10c0/f73be16a8013f69197b7744de75537d869f3a2061dda25dcde746d23b87f305bbdc7adbfe044ab0755eec32e6d54d61c73f4ca788d214eba8e88648a3133733e
  languageName: node
  linkType: hard

"@octokit/endpoint@npm:^10.0.0":
  version: 10.1.1
  resolution: "@octokit/endpoint@npm:10.1.1"
  dependencies:
    "@octokit/types": "npm:^13.0.0"
    universal-user-agent: "npm:^7.0.2"
  checksum: 10c0/946517241b33db075e7b3fd8abc6952b9e32be312197d07d415dbefb35b93d26afd508f64315111de7cabc2638d4790a9b0b366cf6cc201de5ec6997c7944c8b
  languageName: node
  linkType: hard

"@octokit/graphql@npm:^8.0.0":
  version: 8.1.1
  resolution: "@octokit/graphql@npm:8.1.1"
  dependencies:
    "@octokit/request": "npm:^9.0.0"
    "@octokit/types": "npm:^13.0.0"
    universal-user-agent: "npm:^7.0.0"
  checksum: 10c0/fe68b89b21416f56bc9c0d19bba96a9a8ee567312b6fb764b05ea0649a5e44bec71665a0013e7c34304eb77c20ad7e7a7cf43b87ea27c280350229d71034c131
  languageName: node
  linkType: hard

"@octokit/oauth-app@npm:^7.0.0":
  version: 7.1.2
  resolution: "@octokit/oauth-app@npm:7.1.2"
  dependencies:
    "@octokit/auth-oauth-app": "npm:^8.0.0"
    "@octokit/auth-oauth-user": "npm:^5.0.1"
    "@octokit/auth-unauthenticated": "npm:^6.0.0-beta.1"
    "@octokit/core": "npm:^6.0.0"
    "@octokit/oauth-authorization-url": "npm:^7.0.0"
    "@octokit/oauth-methods": "npm:^5.0.0"
    "@types/aws-lambda": "npm:^8.10.83"
    universal-user-agent: "npm:^7.0.0"
  checksum: 10c0/d56f4b2259516c9740137d0d97f7c264cfff97ad7d29060f66bfab6846a3a826fcf316fcd206ada0706bf89aa0f1d4c332ad7ecd73ce09d50ce36ccc8bda155b
  languageName: node
  linkType: hard

"@octokit/oauth-authorization-url@npm:^7.0.0":
  version: 7.1.1
  resolution: "@octokit/oauth-authorization-url@npm:7.1.1"
  checksum: 10c0/a2723dde503693d4b0793bc43988d7445bdbd1a4e4994f4e94e635816c87b12a3058609eb5982d91783ddf6cdf663ccdb954b5d05efdc59cb66bc0456d7ba370
  languageName: node
  linkType: hard

"@octokit/oauth-methods@npm:^5.0.0":
  version: 5.1.2
  resolution: "@octokit/oauth-methods@npm:5.1.2"
  dependencies:
    "@octokit/oauth-authorization-url": "npm:^7.0.0"
    "@octokit/request": "npm:^9.1.0"
    "@octokit/request-error": "npm:^6.1.0"
    "@octokit/types": "npm:^13.0.0"
  checksum: 10c0/ab41396ee3d2beb7cceb922a06893a9f70825f9f5895b1ceea6337b8df7ac82d70110707879f0818557bb38cb9fc7756dfc380101b983aa214af0d3cb698aa6d
  languageName: node
  linkType: hard

"@octokit/openapi-types@npm:^22.2.0":
  version: 22.2.0
  resolution: "@octokit/openapi-types@npm:22.2.0"
  checksum: 10c0/a45bfc735611e836df0729f5922bbd5811d401052b972d1e3bc1278a2d2403e00f4552ce9d1f2793f77f167d212da559c5cb9f1b02c935114ad6d898779546ee
  languageName: node
  linkType: hard

"@octokit/openapi-webhooks-types@npm:8.2.1":
  version: 8.2.1
  resolution: "@octokit/openapi-webhooks-types@npm:8.2.1"
  checksum: 10c0/9efd4eb29dc02ce0184cc8de3746ab4f1b260cfc37e714273ad16553ef69701cb71b43e6993bef1f648e5f7e343e13641bdb823ccfdd7ab9b89ff612cd04f954
  languageName: node
  linkType: hard

"@octokit/plugin-paginate-graphql@npm:^5.0.0":
  version: 5.2.2
  resolution: "@octokit/plugin-paginate-graphql@npm:5.2.2"
  peerDependencies:
    "@octokit/core": ">=6"
  checksum: 10c0/726944d27459cf5f5682a65b52c01821d023a5b9d7a9ad3078070ebfd839a4819fb1ada64255a04ee0ef15dd43ee3286295a7a071e42d738221104aaa0f235d5
  languageName: node
  linkType: hard

"@octokit/plugin-paginate-rest@npm:^11.0.0":
  version: 11.3.1
  resolution: "@octokit/plugin-paginate-rest@npm:11.3.1"
  dependencies:
    "@octokit/types": "npm:^13.5.0"
  peerDependencies:
    "@octokit/core": 5
  checksum: 10c0/72107ff7e459c49d1f13bbe44ac07b073497692eba28cb5ac6dbfa41e0ebc059ad7bccfa3dd45d3165348adcc2ede8ac159f8a9b637389b8e335af16aaa01469
  languageName: node
  linkType: hard

"@octokit/plugin-rest-endpoint-methods@npm:^13.0.0":
  version: 13.2.2
  resolution: "@octokit/plugin-rest-endpoint-methods@npm:13.2.2"
  dependencies:
    "@octokit/types": "npm:^13.5.0"
  peerDependencies:
    "@octokit/core": ^5
  checksum: 10c0/0f2b14b7a185b49908bcc01bcae9849aae2da46c88f500c143d230caa3cd35540839b916e88a4642c60a5499d33e7a37faf1aa42c5bab270cefc10f5d6202893
  languageName: node
  linkType: hard

"@octokit/plugin-retry@npm:^7.0.0":
  version: 7.1.1
  resolution: "@octokit/plugin-retry@npm:7.1.1"
  dependencies:
    "@octokit/request-error": "npm:^6.0.0"
    "@octokit/types": "npm:^13.0.0"
    bottleneck: "npm:^2.15.3"
  peerDependencies:
    "@octokit/core": ">=6"
  checksum: 10c0/53365c0440ee73ca4379cab43ec71d524bc00c221ab393a7733a6c25240414337c93e52149883bbf013077641d5b3db14fc1d161a1c443bc0984c7f7ea818a67
  languageName: node
  linkType: hard

"@octokit/plugin-throttling@npm:^9.0.0":
  version: 9.3.0
  resolution: "@octokit/plugin-throttling@npm:9.3.0"
  dependencies:
    "@octokit/types": "npm:^13.0.0"
    bottleneck: "npm:^2.15.3"
  peerDependencies:
    "@octokit/core": ^6.0.0
  checksum: 10c0/402368a422e6ed4092acf2aa21117ef92e1c4da22aab0fcfa32a1e57c7a021844605551af6c24e5b866cc4c4d601227bba88cea25c40712fc2d79b36ece5bf9d
  languageName: node
  linkType: hard

"@octokit/request-error@npm:^6.0.0, @octokit/request-error@npm:^6.0.1, @octokit/request-error@npm:^6.1.0, @octokit/request-error@npm:^6.1.1":
  version: 6.1.1
  resolution: "@octokit/request-error@npm:6.1.1"
  dependencies:
    "@octokit/types": "npm:^13.0.0"
  checksum: 10c0/55b61da0b2dc05d64862f6ca34ee4eed25b82a30d32da77f8fa11e90b30d0cd454817802e47263e8a171e215ccc41e2e2a9668baa6eed0d686aeac0aabc4cb4a
  languageName: node
  linkType: hard

"@octokit/request@npm:^9.0.0, @octokit/request@npm:^9.0.1, @octokit/request@npm:^9.1.0, @octokit/request@npm:^9.1.1":
  version: 9.1.1
  resolution: "@octokit/request@npm:9.1.1"
  dependencies:
    "@octokit/endpoint": "npm:^10.0.0"
    "@octokit/request-error": "npm:^6.0.1"
    "@octokit/types": "npm:^13.1.0"
    universal-user-agent: "npm:^7.0.2"
  checksum: 10c0/60ad38ffc07b7f8148d146182da9dbcedffb0394ccea583272ac1cb92ede764039273960b449e8591fbf909f30d45e76840713e8533b5fe34140d1dbd2214948
  languageName: node
  linkType: hard

"@octokit/types@npm:^13.0.0, @octokit/types@npm:^13.1.0, @octokit/types@npm:^13.4.1, @octokit/types@npm:^13.5.0":
  version: 13.5.0
  resolution: "@octokit/types@npm:13.5.0"
  dependencies:
    "@octokit/openapi-types": "npm:^22.2.0"
  checksum: 10c0/355ebc6776ce23feace1b1be0927cdda758790fda83068109c4f27b354dcd43d0447d4dc24e5eafdb596465469ea1baed23f3fd63adfec508cc375ccd1dcb0a3
  languageName: node
  linkType: hard

"@octokit/webhooks-methods@npm:^5.0.0":
  version: 5.1.0
  resolution: "@octokit/webhooks-methods@npm:5.1.0"
  checksum: 10c0/8f59f960c44ed9bdecd0f4a71ec6a50d490e9b46aa588887df8a69b15722262ce4cc02f0c1915cc145b452fd5b1e38e4b4ab0fb1d92e151308da550a7dfc1f6a
  languageName: node
  linkType: hard

"@octokit/webhooks@npm:^13.0.0":
  version: 13.2.7
  resolution: "@octokit/webhooks@npm:13.2.7"
  dependencies:
    "@octokit/openapi-webhooks-types": "npm:8.2.1"
    "@octokit/request-error": "npm:^6.0.1"
    "@octokit/webhooks-methods": "npm:^5.0.0"
    aggregate-error: "npm:^5.0.0"
  checksum: 10c0/1abda61da4567732104478269cd67c787604a806e0dcaf4f2b259dee83f49c1edb7550bd09d4c4371f332a1fe3f0a30ed3a5818721292157da895da634386a71
  languageName: node
  linkType: hard

"@tsconfig/node10@npm:^1.0.7":
  version: 1.0.11
  resolution: "@tsconfig/node10@npm:1.0.11"
  checksum: 10c0/28a0710e5d039e0de484bdf85fee883bfd3f6a8980601f4d44066b0a6bcd821d31c4e231d1117731c4e24268bd4cf2a788a6787c12fc7f8d11014c07d582783c
  languageName: node
  linkType: hard

"@tsconfig/node12@npm:^1.0.7":
  version: 1.0.11
  resolution: "@tsconfig/node12@npm:1.0.11"
  checksum: 10c0/dddca2b553e2bee1308a056705103fc8304e42bb2d2cbd797b84403a223b25c78f2c683ec3e24a095e82cd435387c877239bffcb15a590ba817cd3f6b9a99fd9
  languageName: node
  linkType: hard

"@tsconfig/node14@npm:^1.0.0":
  version: 1.0.3
  resolution: "@tsconfig/node14@npm:1.0.3"
  checksum: 10c0/67c1316d065fdaa32525bc9449ff82c197c4c19092b9663b23213c8cbbf8d88b6ed6a17898e0cbc2711950fbfaf40388938c1c748a2ee89f7234fc9e7fe2bf44
  languageName: node
  linkType: hard

"@tsconfig/node16@npm:^1.0.2":
  version: 1.0.4
  resolution: "@tsconfig/node16@npm:1.0.4"
  checksum: 10c0/05f8f2734e266fb1839eb1d57290df1664fe2aa3b0fdd685a9035806daa635f7519bf6d5d9b33f6e69dd545b8c46bd6e2b5c79acb2b1f146e885f7f11a42a5bb
  languageName: node
  linkType: hard

"@types/aws-lambda@npm:^8.10.83":
  version: 8.10.138
  resolution: "@types/aws-lambda@npm:8.10.138"
  checksum: 10c0/3ab791bae7ea1d9d129809b9e77e0891f2c554bfa7d9a9dda5b71d04aca9a1c9408a118b73ec758a2ac536dd7da272c73723f98ebc33247f72eb7d927860c33b
  languageName: node
  linkType: hard

"@types/node@npm:20.14.2":
  version: 20.14.2
  resolution: "@types/node@npm:20.14.2"
  dependencies:
    undici-types: "npm:~5.26.4"
  checksum: 10c0/2d86e5f2227aaa42212e82ea0affe72799111b888ff900916376450b02b09b963ca888b20d9c332d8d2b833ed4781987867a38eaa2e4863fa8439071468b0a6f
  languageName: node
  linkType: hard

"acorn-walk@npm:^8.1.1":
  version: 8.3.2
  resolution: "acorn-walk@npm:8.3.2"
  checksum: 10c0/7e2a8dad5480df7f872569b9dccff2f3da7e65f5353686b1d6032ab9f4ddf6e3a2cb83a9b52cf50b1497fd522154dda92f0abf7153290cc79cd14721ff121e52
  languageName: node
  linkType: hard

"acorn@npm:^8.4.1":
  version: 8.11.3
  resolution: "acorn@npm:8.11.3"
  bin:
    acorn: bin/acorn
  checksum: 10c0/3ff155f8812e4a746fee8ecff1f227d527c4c45655bb1fad6347c3cb58e46190598217551b1500f18542d2bbe5c87120cb6927f5a074a59166fbdd9468f0a299
  languageName: node
  linkType: hard

"aggregate-error@npm:^5.0.0":
  version: 5.0.0
  resolution: "aggregate-error@npm:5.0.0"
  dependencies:
    clean-stack: "npm:^5.2.0"
    indent-string: "npm:^5.0.0"
  checksum: 10c0/a5de7138571f514bad76290736f49a0db8809247082f2519037e0c37d03fc8d91d733e079d6b1674feda28a757b1932421ad205b8c0f8794a0c0e5bf1be2315e
  languageName: node
  linkType: hard

"arg@npm:^4.1.0":
  version: 4.1.3
  resolution: "arg@npm:4.1.3"
  checksum: 10c0/070ff801a9d236a6caa647507bdcc7034530604844d64408149a26b9e87c2f97650055c0f049abd1efc024b334635c01f29e0b632b371ac3f26130f4cf65997a
  languageName: node
  linkType: hard

"before-after-hook@npm:^3.0.2":
  version: 3.0.2
  resolution: "before-after-hook@npm:3.0.2"
  checksum: 10c0/dea640f9e88a1085372c9bcc974b7bf379267490693da92ec102a7d8b515dd1e95f00ef575a146b83ca638104c57406c3427d37bdf082f602dde4b56d05bba14
  languageName: node
  linkType: hard

"bottleneck@npm:^2.15.3":
  version: 2.19.5
  resolution: "bottleneck@npm:2.19.5"
  checksum: 10c0/b0f72e45b2e0f56a21ba720183f16bef8e693452fb0495d997fa354e42904353a94bd8fd429868e6751bc85e54b6755190519eed5a0ae0a94a5185209ae7c6d0
  languageName: node
  linkType: hard

"chess.js@npm:1.0.0-beta.8":
  version: 1.0.0-beta.8
  resolution: "chess.js@npm:1.0.0-beta.8"
  checksum: 10c0/79ce0aeab0ec9cb3474bf312f53b6c6ed955733805bab376583d178104fe9444ef58aacc05b1bf58eb748fd60f7f1c695c85e60d110226a415f129e45d0ae6fc
  languageName: node
  linkType: hard

"clean-stack@npm:^5.2.0":
  version: 5.2.0
  resolution: "clean-stack@npm:5.2.0"
  dependencies:
    escape-string-regexp: "npm:5.0.0"
  checksum: 10c0/0de47a4152e49dcdeede5f47d7bb9a39a3ea748acb1cd2f0160dbee972d920be81390cb4c5566e6b795791b9efb12359e89fdd7c2e63b36025d59529558570f1
  languageName: node
  linkType: hard

"create-require@npm:^1.1.0":
  version: 1.1.1
  resolution: "create-require@npm:1.1.1"
  checksum: 10c0/157cbc59b2430ae9a90034a5f3a1b398b6738bf510f713edc4d4e45e169bc514d3d99dd34d8d01ca7ae7830b5b8b537e46ae8f3c8f932371b0875c0151d7ec91
  languageName: node
  linkType: hard

"diff@npm:^4.0.1":
  version: 4.0.2
  resolution: "diff@npm:4.0.2"
  checksum: 10c0/81b91f9d39c4eaca068eb0c1eb0e4afbdc5bb2941d197f513dd596b820b956fef43485876226d65d497bebc15666aa2aa82c679e84f65d5f2bfbf14ee46e32c1
  languageName: node
  linkType: hard

"escape-string-regexp@npm:5.0.0":
  version: 5.0.0
  resolution: "escape-string-regexp@npm:5.0.0"
  checksum: 10c0/6366f474c6f37a802800a435232395e04e9885919873e382b157ab7e8f0feb8fed71497f84a6f6a81a49aab41815522f5839112bd38026d203aea0c91622df95
  languageName: node
  linkType: hard

"eventemitter2@npm:^0.4.14":
  version: 0.4.14
  resolution: "eventemitter2@npm:0.4.14"
  checksum: 10c0/62598dcf6fc2e2f0510158925f1f27508cbe9f908a9493dd67cab69457e73a62af98ad3608a095595feadf0f3d685174f324f87f98deaac4f535df70caddee12
  languageName: node
  linkType: hard

"exact@npm:0.8.0":
  version: 0.8.0
  resolution: "exact@npm:0.8.0"
  dependencies:
    eventemitter2: "npm:^0.4.14"
    lodash: "npm:^3.9.3"
  peerDependencies:
    babel-core: ^6.11.4
    babel-preset-es2015: ^6.9.0
    babel-preset-react: ^6.11.1
    babel-preset-stage-3: ^6.11.0
    babel-register: ^6.24.1
    react-dom: ^0.14
  checksum: 10c0/3e5e7ce95a5f3c58a64cca5aacc708c398d86f9e5793777c0c32c59c95523790caf4ba0a1e8cf9ecdd432d89b51ee9620f42ec9e9f9d1df8a082fe4fe1b648a2
  languageName: node
  linkType: hard

"indent-string@npm:^5.0.0":
  version: 5.0.0
  resolution: "indent-string@npm:5.0.0"
  checksum: 10c0/8ee77b57d92e71745e133f6f444d6fa3ed503ad0e1bcd7e80c8da08b42375c07117128d670589725ed07b1978065803fa86318c309ba45415b7fe13e7f170220
  languageName: node
  linkType: hard

"lodash@npm:^3.9.3":
  version: 3.10.1
  resolution: "lodash@npm:3.10.1"
  checksum: 10c0/f5f6d3d87503c3f1db27d49b30a00bb38dc1bd9de716c5febe8970259cc7b447149a0e320452ccaf5996a7a4abd63d94df341bb91bd8d336584ad518d8eab144
  languageName: node
  linkType: hard

"lru-cache@npm:^10.0.0":
  version: 10.2.2
  resolution: "lru-cache@npm:10.2.2"
  checksum: 10c0/402d31094335851220d0b00985084288136136992979d0e015f0f1697e15d1c86052d7d53ae86b614e5b058425606efffc6969a31a091085d7a2b80a8a1e26d6
  languageName: node
  linkType: hard

"make-error@npm:^1.1.1":
  version: 1.3.6
  resolution: "make-error@npm:1.3.6"
  checksum: 10c0/171e458d86854c6b3fc46610cfacf0b45149ba043782558c6875d9f42f222124384ad0b468c92e996d815a8a2003817a710c0a160e49c1c394626f76fa45396f
  languageName: node
  linkType: hard

"octokit@npm:4.0.2":
  version: 4.0.2
  resolution: "octokit@npm:4.0.2"
  dependencies:
    "@octokit/app": "npm:^15.0.0"
    "@octokit/core": "npm:^6.0.0"
    "@octokit/oauth-app": "npm:^7.0.0"
    "@octokit/plugin-paginate-graphql": "npm:^5.0.0"
    "@octokit/plugin-paginate-rest": "npm:^11.0.0"
    "@octokit/plugin-rest-endpoint-methods": "npm:^13.0.0"
    "@octokit/plugin-retry": "npm:^7.0.0"
    "@octokit/plugin-throttling": "npm:^9.0.0"
    "@octokit/request-error": "npm:^6.0.0"
    "@octokit/types": "npm:^13.0.0"
  checksum: 10c0/30d057ccd526d0d25017018ec4df3ae90981e3bf7bfbd923c4e365b69fb7155bc77ad400e9ae11186c8307c35eb0cdddb32ddc5ba8c0ae4d003b2838a18334e9
  languageName: node
  linkType: hard

"play-chess-on-github@workspace:.":
  version: 0.0.0-use.local
  resolution: "play-chess-on-github@workspace:."
  dependencies:
    "@mliebelt/pgn-parser": "npm:1.4.15"
    "@types/node": "npm:20.14.2"
    chess.js: "npm:1.0.0-beta.8"
    exact: "npm:0.8.0"
    octokit: "npm:4.0.2"
    ts-node: "npm:10.9.2"
    typescript: "npm:5.4.3"
  languageName: unknown
  linkType: soft

"ts-node@npm:10.9.2":
  version: 10.9.2
  resolution: "ts-node@npm:10.9.2"
  dependencies:
    "@cspotcode/source-map-support": "npm:^0.8.0"
    "@tsconfig/node10": "npm:^1.0.7"
    "@tsconfig/node12": "npm:^1.0.7"
    "@tsconfig/node14": "npm:^1.0.0"
    "@tsconfig/node16": "npm:^1.0.2"
    acorn: "npm:^8.4.1"
    acorn-walk: "npm:^8.1.1"
    arg: "npm:^4.1.0"
    create-require: "npm:^1.1.0"
    diff: "npm:^4.0.1"
    make-error: "npm:^1.1.1"
    v8-compile-cache-lib: "npm:^3.0.1"
    yn: "npm:3.1.1"
  peerDependencies:
    "@swc/core": ">=1.2.50"
    "@swc/wasm": ">=1.2.50"
    "@types/node": "*"
    typescript: ">=2.7"
  peerDependenciesMeta:
    "@swc/core":
      optional: true
    "@swc/wasm":
      optional: true
  bin:
    ts-node: dist/bin.js
    ts-node-cwd: dist/bin-cwd.js
    ts-node-esm: dist/bin-esm.js
    ts-node-script: dist/bin-script.js
    ts-node-transpile-only: dist/bin-transpile.js
    ts-script: dist/bin-script-deprecated.js
  checksum: 10c0/5f29938489f96982a25ba650b64218e83a3357d76f7bede80195c65ab44ad279c8357264639b7abdd5d7e75fc269a83daa0e9c62fd8637a3def67254ecc9ddc2
  languageName: node
  linkType: hard

"typescript@npm:5.4.3":
  version: 5.4.3
  resolution: "typescript@npm:5.4.3"
  bin:
    tsc: bin/tsc
    tsserver: bin/tsserver
  checksum: 10c0/22443a8760c3668e256c0b34b6b45c359ef6cecc10c42558806177a7d500ab1a7d7aac1f976d712e26989ddf6731d2fbdd3212b7c73290a45127c1c43ba2005a
  languageName: node
  linkType: hard

"typescript@patch:typescript@npm%3A5.4.3#optional!builtin<compat/typescript>":
  version: 5.4.3
  resolution: "typescript@patch:typescript@npm%3A5.4.3#optional!builtin<compat/typescript>::version=5.4.3&hash=5adc0c"
  bin:
    tsc: bin/tsc
    tsserver: bin/tsserver
  checksum: 10c0/6e51f8b7e6ec55b897b9e56b67e864fe8f44e30f4a14357aad5dc0f7432db2f01efc0522df0b6c36d361c51f2dc3dcac5c832efd96a404cfabf884e915d38828
  languageName: node
  linkType: hard

"undici-types@npm:~5.26.4":
  version: 5.26.5
  resolution: "undici-types@npm:5.26.5"
  checksum: 10c0/bb673d7876c2d411b6eb6c560e0c571eef4a01c1c19925175d16e3a30c4c428181fb8d7ae802a261f283e4166a0ac435e2f505743aa9e45d893f9a3df017b501
  languageName: node
  linkType: hard

"universal-github-app-jwt@npm:^2.2.0":
  version: 2.2.0
  resolution: "universal-github-app-jwt@npm:2.2.0"
  checksum: 10c0/590a557ef0a675ebafc4813d95459f30a301ce6e9e8f3a91b8a9d79fde09a30a955a145387957b91c9107d9ffb0879838e52edeb3a1366dbece961c44a9917a9
  languageName: node
  linkType: hard

"universal-user-agent@npm:^7.0.0, universal-user-agent@npm:^7.0.2":
  version: 7.0.2
  resolution: "universal-user-agent@npm:7.0.2"
  checksum: 10c0/e60517ee929813e6b3ac0ceb3c66deccafadc71341edca160279ff046319c684fd7090a60d63aa61cd34a06c2d2acebeb8c2f8d364244ae7bf8ab788e20cd8c8
  languageName: node
  linkType: hard

"v8-compile-cache-lib@npm:^3.0.1":
  version: 3.0.1
  resolution: "v8-compile-cache-lib@npm:3.0.1"
  checksum: 10c0/bdc36fb8095d3b41df197f5fb6f11e3a26adf4059df3213e3baa93810d8f0cc76f9a74aaefc18b73e91fe7e19154ed6f134eda6fded2e0f1c8d2272ed2d2d391
  languageName: node
  linkType: hard

"yn@npm:3.1.1":
  version: 3.1.1
  resolution: "yn@npm:3.1.1"
  checksum: 10c0/0732468dd7622ed8a274f640f191f3eaf1f39d5349a1b72836df484998d7d9807fbea094e2f5486d6b0cd2414aad5775972df0e68f8604db89a239f0f4bf7443
  languageName: node
  linkType: hard
